// !$*UTF8*$!
{
	archiveVersion = 1;
	classes = {
	};
	objectVersion = 46;
	objects = {

/* Begin PBXBuildFile section */
		8111F63319F4947700A331E3 /* Util.swift in Sources */ = {isa = PBXBuildFile; fileRef = 8111F62B19F4947700A331E3 /* Util.swift */; };
		8111F63619F4957F00A331E3 /* SlidingSelectionControl.swift in Sources */ = {isa = PBXBuildFile; fileRef = 8111F63519F4957F00A331E3 /* SlidingSelectionControl.swift */; };
		811D481819ED7EB000E3F360 /* AppDelegate.swift in Sources */ = {isa = PBXBuildFile; fileRef = 811D481719ED7EB000E3F360 /* AppDelegate.swift */; };
		811D481B19ED7EB000E3F360 /* ReCal_iOS.xcdatamodeld in Sources */ = {isa = PBXBuildFile; fileRef = 811D481919ED7EB000E3F360 /* ReCal_iOS.xcdatamodeld */; };
		811D481D19ED7EB000E3F360 /* ViewController.swift in Sources */ = {isa = PBXBuildFile; fileRef = 811D481C19ED7EB000E3F360 /* ViewController.swift */; };
		811D482019ED7EB000E3F360 /* Main.storyboard in Resources */ = {isa = PBXBuildFile; fileRef = 811D481E19ED7EB000E3F360 /* Main.storyboard */; };
		811D482219ED7EB000E3F360 /* Images.xcassets in Resources */ = {isa = PBXBuildFile; fileRef = 811D482119ED7EB000E3F360 /* Images.xcassets */; };
		811D482519ED7EB000E3F360 /* LaunchScreen.xib in Resources */ = {isa = PBXBuildFile; fileRef = 811D482319ED7EB000E3F360 /* LaunchScreen.xib */; };
		811D483119ED7EB100E3F360 /* ReCal_iOSTests.swift in Sources */ = {isa = PBXBuildFile; fileRef = 811D483019ED7EB100E3F360 /* ReCal_iOSTests.swift */; };
		811E64CA19F56681007B0148 /* SampleTableViewController.swift in Sources */ = {isa = PBXBuildFile; fileRef = 811E64C919F56681007B0148 /* SampleTableViewController.swift */; };
		8124969019F17F440081AFB2 /* TimeHeaderBackgroundView.swift in Sources */ = {isa = PBXBuildFile; fileRef = 8124968F19F17F440081AFB2 /* TimeHeaderBackgroundView.swift */; };
		8124969319F18A620081AFB2 /* TimeHeaderView.swift in Sources */ = {isa = PBXBuildFile; fileRef = 8124969119F18A620081AFB2 /* TimeHeaderView.swift */; };
		8124969419F18A620081AFB2 /* TimeHeaderView.xib in Resources */ = {isa = PBXBuildFile; fileRef = 8124969219F18A620081AFB2 /* TimeHeaderView.xib */; };
		8150582919F2F5D300EC8912 /* EventsCollectionViewCell.swift in Sources */ = {isa = PBXBuildFile; fileRef = 8150582719F2F5D300EC8912 /* EventsCollectionViewCell.swift */; };
		8150582A19F2F5D300EC8912 /* EventsCollectionViewCell.xib in Resources */ = {isa = PBXBuildFile; fileRef = 8150582819F2F5D300EC8912 /* EventsCollectionViewCell.xib */; };
		81580BD119F98E6200119517 /* SectionSelectionViewController.swift in Sources */ = {isa = PBXBuildFile; fileRef = 81580BD019F98E6200119517 /* SectionSelectionViewController.swift */; };
		81580BD319F9905100119517 /* ScheduleCollectionViewDataSource.swift in Sources */ = {isa = PBXBuildFile; fileRef = 81580BD219F9905100119517 /* ScheduleCollectionViewDataSource.swift */; };
		81580BD719F9922100119517 /* TimeRowHeaderBackgroundView.swift in Sources */ = {isa = PBXBuildFile; fileRef = 81580BD619F9922100119517 /* TimeRowHeaderBackgroundView.swift */; };
		81580BDB19F9927500119517 /* TimeRowHeaderView.swift in Sources */ = {isa = PBXBuildFile; fileRef = 81580BD919F9927500119517 /* TimeRowHeaderView.swift */; };
		81580BDC19F9927500119517 /* TimeRowHeaderView.xib in Resources */ = {isa = PBXBuildFile; fileRef = 81580BDA19F9927500119517 /* TimeRowHeaderView.xib */; };
		81580BDE19F9931E00119517 /* DayColumnHeaderBackgroundView.swift in Sources */ = {isa = PBXBuildFile; fileRef = 81580BDD19F9931E00119517 /* DayColumnHeaderBackgroundView.swift */; };
		81580BE119F9938700119517 /* DayColumnHeaderView.swift in Sources */ = {isa = PBXBuildFile; fileRef = 81580BDF19F9938700119517 /* DayColumnHeaderView.swift */; };
		81580BE219F9938700119517 /* DayColumnHeaderView.xib in Resources */ = {isa = PBXBuildFile; fileRef = 81580BE019F9938700119517 /* DayColumnHeaderView.xib */; };
		81580BE419F9958400119517 /* GridLineView.swift in Sources */ = {isa = PBXBuildFile; fileRef = 81580BE319F9958400119517 /* GridLineView.swift */; };
		81580BEE19F9C21D00119517 /* EventCollectionViewCell.swift in Sources */ = {isa = PBXBuildFile; fileRef = 81580BEC19F9C21D00119517 /* EventCollectionViewCell.swift */; };
		81580BEF19F9C21D00119517 /* EventCollectionViewCell.xib in Resources */ = {isa = PBXBuildFile; fileRef = 81580BED19F9C21D00119517 /* EventCollectionViewCell.xib */; };
		81580BF119F9C3B400119517 /* Section.swift in Sources */ = {isa = PBXBuildFile; fileRef = 81580BF019F9C3B400119517 /* Section.swift */; };
		81580BF419F9C6C300119517 /* Course.swift in Sources */ = {isa = PBXBuildFile; fileRef = 81580BF319F9C6C300119517 /* Course.swift */; };
		8172B96A19F562590070E7DF /* Cache.swift in Sources */ = {isa = PBXBuildFile; fileRef = 8172B96219F562590070E7DF /* Cache.swift */; };
		8172B96B19F562590070E7DF /* CollectionViewCalendarWeekLayout.swift in Sources */ = {isa = PBXBuildFile; fileRef = 8172B96319F562590070E7DF /* CollectionViewCalendarWeekLayout.swift */; };
		8172B96C19F562590070E7DF /* CollectionViewDataSourceCalendarWeekLayout.swift in Sources */ = {isa = PBXBuildFile; fileRef = 8172B96419F562590070E7DF /* CollectionViewDataSourceCalendarWeekLayout.swift */; };
		8172B96D19F562590070E7DF /* Queue.swift in Sources */ = {isa = PBXBuildFile; fileRef = 8172B96519F562590070E7DF /* Queue.swift */; };
		8172B96E19F562590070E7DF /* Stack.swift in Sources */ = {isa = PBXBuildFile; fileRef = 8172B96619F562590070E7DF /* Stack.swift */; };
		819193CE19F1652700E3A3B8 /* GridLineView.swift in Sources */ = {isa = PBXBuildFile; fileRef = 819193CD19F1652700E3A3B8 /* GridLineView.swift */; };
		81C1F5D919F05C010042AB61 /* SampleCalendarViewController.swift in Sources */ = {isa = PBXBuildFile; fileRef = 81C1F5D819F05C010042AB61 /* SampleCalendarViewController.swift */; };
		81C1F5DB19F05CF30042AB61 /* SampleCalendarCollectionViewDataSource.swift in Sources */ = {isa = PBXBuildFile; fileRef = 81C1F5DA19F05CF30042AB61 /* SampleCalendarCollectionViewDataSource.swift */; };
		81D270D519F090E700DED75D /* HeaderBackgroundView.swift in Sources */ = {isa = PBXBuildFile; fileRef = 81D270D419F090E700DED75D /* HeaderBackgroundView.swift */; };
		81D270D819F0946100DED75D /* HeaderView.swift in Sources */ = {isa = PBXBuildFile; fileRef = 81D270D619F0946100DED75D /* HeaderView.swift */; };
		81D270D919F0946100DED75D /* HeaderView.xib in Resources */ = {isa = PBXBuildFile; fileRef = 81D270D719F0946100DED75D /* HeaderView.xib */; };
		81D9F26019EF4D9600F987B9 /* ReCalCommon.h in Headers */ = {isa = PBXBuildFile; fileRef = 81D9F25F19EF4D9600F987B9 /* ReCalCommon.h */; settings = {ATTRIBUTES = (Public, ); }; };
		81D9F26C19EF4D9600F987B9 /* ReCalCommonTests.swift in Sources */ = {isa = PBXBuildFile; fileRef = 81D9F26B19EF4D9600F987B9 /* ReCalCommonTests.swift */; };
		81D9F26F19EF4D9600F987B9 /* ReCalCommon.framework in Frameworks */ = {isa = PBXBuildFile; fileRef = 81D9F25B19EF4D9600F987B9 /* ReCalCommon.framework */; };
		81D9F27019EF4D9600F987B9 /* ReCalCommon.framework in Embed Frameworks */ = {isa = PBXBuildFile; fileRef = 81D9F25B19EF4D9600F987B9 /* ReCalCommon.framework */; settings = {ATTRIBUTES = (CodeSignOnCopy, RemoveHeadersOnCopy, ); }; };
		81FCD28019F7416F00B6DC2D /* SlidingSidebarViewController.swift in Sources */ = {isa = PBXBuildFile; fileRef = 81FCD27F19F7416F00B6DC2D /* SlidingSidebarViewController.swift */; };
		81FCD28219F7418F00B6DC2D /* OverlayScrollView.swift in Sources */ = {isa = PBXBuildFile; fileRef = 81FCD28119F7418F00B6DC2D /* OverlayScrollView.swift */; };
		81FCD28C19F7E3E200B6DC2D /* AppDelegate.swift in Sources */ = {isa = PBXBuildFile; fileRef = 81FCD28B19F7E3E200B6DC2D /* AppDelegate.swift */; };
		81FCD28E19F7E3E200B6DC2D /* ReCal_Course_Selection.xcdatamodeld in Sources */ = {isa = PBXBuildFile; fileRef = 81FCD28D19F7E3E200B6DC2D /* ReCal_Course_Selection.xcdatamodeld */; };
		81FCD29019F7E3E200B6DC2D /* ViewController.swift in Sources */ = {isa = PBXBuildFile; fileRef = 81FCD28F19F7E3E200B6DC2D /* ViewController.swift */; };
		81FCD29319F7E3E200B6DC2D /* Main.storyboard in Resources */ = {isa = PBXBuildFile; fileRef = 81FCD29119F7E3E200B6DC2D /* Main.storyboard */; };
		81FCD29519F7E3E200B6DC2D /* Images.xcassets in Resources */ = {isa = PBXBuildFile; fileRef = 81FCD29419F7E3E200B6DC2D /* Images.xcassets */; };
		81FCD29819F7E3E200B6DC2D /* LaunchScreen.xib in Resources */ = {isa = PBXBuildFile; fileRef = 81FCD29619F7E3E200B6DC2D /* LaunchScreen.xib */; };
		81FCD2A419F7E3E200B6DC2D /* ReCal_Course_SelectionTests.swift in Sources */ = {isa = PBXBuildFile; fileRef = 81FCD2A319F7E3E200B6DC2D /* ReCal_Course_SelectionTests.swift */; };
		81FCD2AB19F7E3FD00B6DC2D /* ReCalCommon.framework in Frameworks */ = {isa = PBXBuildFile; fileRef = 81D9F25B19EF4D9600F987B9 /* ReCalCommon.framework */; };
		81FCD2AC19F7E3FD00B6DC2D /* ReCalCommon.framework in Embed Frameworks */ = {isa = PBXBuildFile; fileRef = 81D9F25B19EF4D9600F987B9 /* ReCalCommon.framework */; settings = {ATTRIBUTES = (CodeSignOnCopy, RemoveHeadersOnCopy, ); }; };
		81FCD2B119F7E41900B6DC2D /* CourseSelectionViewController.swift in Sources */ = {isa = PBXBuildFile; fileRef = 81FCD2B019F7E41900B6DC2D /* CourseSelectionViewController.swift */; };
		81FCD2B319F7EBF100B6DC2D /* CourseSearchTableViewController.swift in Sources */ = {isa = PBXBuildFile; fileRef = 81FCD2B219F7EBF100B6DC2D /* CourseSearchTableViewController.swift */; };
		81FCD2B519F7F9C000B6DC2D /* CourseDetailsViewController.swift in Sources */ = {isa = PBXBuildFile; fileRef = 81FCD2B419F7F9C000B6DC2D /* CourseDetailsViewController.swift */; };
/* End PBXBuildFile section */

/* Begin PBXContainerItemProxy section */
		811D482B19ED7EB100E3F360 /* PBXContainerItemProxy */ = {
			isa = PBXContainerItemProxy;
			containerPortal = 811D480A19ED7EB000E3F360 /* Project object */;
			proxyType = 1;
			remoteGlobalIDString = 811D481119ED7EB000E3F360;
			remoteInfo = "ReCal iOS";
		};
		81D9F26619EF4D9600F987B9 /* PBXContainerItemProxy */ = {
			isa = PBXContainerItemProxy;
			containerPortal = 811D480A19ED7EB000E3F360 /* Project object */;
			proxyType = 1;
			remoteGlobalIDString = 811D481119ED7EB000E3F360;
			remoteInfo = "ReCal iOS";
		};
		81D9F26D19EF4D9600F987B9 /* PBXContainerItemProxy */ = {
			isa = PBXContainerItemProxy;
			containerPortal = 811D480A19ED7EB000E3F360 /* Project object */;
			proxyType = 1;
			remoteGlobalIDString = 81D9F25A19EF4D9600F987B9;
			remoteInfo = ReCalCommon;
		};
		81D9F27119EF4D9600F987B9 /* PBXContainerItemProxy */ = {
			isa = PBXContainerItemProxy;
			containerPortal = 811D480A19ED7EB000E3F360 /* Project object */;
			proxyType = 1;
			remoteGlobalIDString = 81D9F25A19EF4D9600F987B9;
			remoteInfo = ReCalCommon;
		};
		81FCD29E19F7E3E200B6DC2D /* PBXContainerItemProxy */ = {
			isa = PBXContainerItemProxy;
			containerPortal = 811D480A19ED7EB000E3F360 /* Project object */;
			proxyType = 1;
			remoteGlobalIDString = 81FCD28619F7E3E200B6DC2D;
			remoteInfo = "ReCal Course Selection";
		};
		81FCD2AD19F7E3FD00B6DC2D /* PBXContainerItemProxy */ = {
			isa = PBXContainerItemProxy;
			containerPortal = 811D480A19ED7EB000E3F360 /* Project object */;
			proxyType = 1;
			remoteGlobalIDString = 81D9F25A19EF4D9600F987B9;
			remoteInfo = ReCalCommon;
		};
/* End PBXContainerItemProxy section */

/* Begin PBXCopyFilesBuildPhase section */
		8144D89119EEB86B00C9EF24 /* Embed Frameworks */ = {
			isa = PBXCopyFilesBuildPhase;
			buildActionMask = 2147483647;
			dstPath = "";
			dstSubfolderSpec = 10;
			files = (
				81D9F27019EF4D9600F987B9 /* ReCalCommon.framework in Embed Frameworks */,
			);
			name = "Embed Frameworks";
			runOnlyForDeploymentPostprocessing = 0;
		};
		81FCD2AF19F7E3FD00B6DC2D /* Embed Frameworks */ = {
			isa = PBXCopyFilesBuildPhase;
			buildActionMask = 2147483647;
			dstPath = "";
			dstSubfolderSpec = 10;
			files = (
				81FCD2AC19F7E3FD00B6DC2D /* ReCalCommon.framework in Embed Frameworks */,
			);
			name = "Embed Frameworks";
			runOnlyForDeploymentPostprocessing = 0;
		};
/* End PBXCopyFilesBuildPhase section */

/* Begin PBXFileReference section */
		8111F62B19F4947700A331E3 /* Util.swift */ = {isa = PBXFileReference; fileEncoding = 4; lastKnownFileType = sourcecode.swift; path = Util.swift; sourceTree = "<group>"; };
		8111F63519F4957F00A331E3 /* SlidingSelectionControl.swift */ = {isa = PBXFileReference; fileEncoding = 4; lastKnownFileType = sourcecode.swift; path = SlidingSelectionControl.swift; sourceTree = "<group>"; };
		811D481219ED7EB000E3F360 /* ReCal iOS.app */ = {isa = PBXFileReference; explicitFileType = wrapper.application; includeInIndex = 0; path = "ReCal iOS.app"; sourceTree = BUILT_PRODUCTS_DIR; };
		811D481619ED7EB000E3F360 /* Info.plist */ = {isa = PBXFileReference; lastKnownFileType = text.plist.xml; path = Info.plist; sourceTree = "<group>"; };
		811D481719ED7EB000E3F360 /* AppDelegate.swift */ = {isa = PBXFileReference; lastKnownFileType = sourcecode.swift; path = AppDelegate.swift; sourceTree = "<group>"; };
		811D481A19ED7EB000E3F360 /* ReCal_iOS.xcdatamodel */ = {isa = PBXFileReference; lastKnownFileType = wrapper.xcdatamodel; path = ReCal_iOS.xcdatamodel; sourceTree = "<group>"; };
		811D481C19ED7EB000E3F360 /* ViewController.swift */ = {isa = PBXFileReference; lastKnownFileType = sourcecode.swift; path = ViewController.swift; sourceTree = "<group>"; };
		811D481F19ED7EB000E3F360 /* Base */ = {isa = PBXFileReference; lastKnownFileType = file.storyboard; name = Base; path = Base.lproj/Main.storyboard; sourceTree = "<group>"; };
		811D482119ED7EB000E3F360 /* Images.xcassets */ = {isa = PBXFileReference; lastKnownFileType = folder.assetcatalog; path = Images.xcassets; sourceTree = "<group>"; };
		811D482419ED7EB000E3F360 /* Base */ = {isa = PBXFileReference; lastKnownFileType = file.xib; name = Base; path = Base.lproj/LaunchScreen.xib; sourceTree = "<group>"; };
		811D482A19ED7EB100E3F360 /* ReCal iOSTests.xctest */ = {isa = PBXFileReference; explicitFileType = wrapper.cfbundle; includeInIndex = 0; path = "ReCal iOSTests.xctest"; sourceTree = BUILT_PRODUCTS_DIR; };
		811D482F19ED7EB100E3F360 /* Info.plist */ = {isa = PBXFileReference; lastKnownFileType = text.plist.xml; path = Info.plist; sourceTree = "<group>"; };
		811D483019ED7EB100E3F360 /* ReCal_iOSTests.swift */ = {isa = PBXFileReference; lastKnownFileType = sourcecode.swift; path = ReCal_iOSTests.swift; sourceTree = "<group>"; };
		811E64C919F56681007B0148 /* SampleTableViewController.swift */ = {isa = PBXFileReference; fileEncoding = 4; lastKnownFileType = sourcecode.swift; path = SampleTableViewController.swift; sourceTree = "<group>"; };
		8124968F19F17F440081AFB2 /* TimeHeaderBackgroundView.swift */ = {isa = PBXFileReference; fileEncoding = 4; lastKnownFileType = sourcecode.swift; path = TimeHeaderBackgroundView.swift; sourceTree = "<group>"; };
		8124969119F18A620081AFB2 /* TimeHeaderView.swift */ = {isa = PBXFileReference; fileEncoding = 4; lastKnownFileType = sourcecode.swift; path = TimeHeaderView.swift; sourceTree = "<group>"; };
		8124969219F18A620081AFB2 /* TimeHeaderView.xib */ = {isa = PBXFileReference; fileEncoding = 4; lastKnownFileType = file.xib; path = TimeHeaderView.xib; sourceTree = "<group>"; };
		8150582719F2F5D300EC8912 /* EventsCollectionViewCell.swift */ = {isa = PBXFileReference; fileEncoding = 4; lastKnownFileType = sourcecode.swift; path = EventsCollectionViewCell.swift; sourceTree = "<group>"; };
		8150582819F2F5D300EC8912 /* EventsCollectionViewCell.xib */ = {isa = PBXFileReference; fileEncoding = 4; lastKnownFileType = file.xib; path = EventsCollectionViewCell.xib; sourceTree = "<group>"; };
		81580BD019F98E6200119517 /* SectionSelectionViewController.swift */ = {isa = PBXFileReference; fileEncoding = 4; lastKnownFileType = sourcecode.swift; path = SectionSelectionViewController.swift; sourceTree = "<group>"; };
		81580BD219F9905100119517 /* ScheduleCollectionViewDataSource.swift */ = {isa = PBXFileReference; fileEncoding = 4; lastKnownFileType = sourcecode.swift; path = ScheduleCollectionViewDataSource.swift; sourceTree = "<group>"; };
		81580BD619F9922100119517 /* TimeRowHeaderBackgroundView.swift */ = {isa = PBXFileReference; fileEncoding = 4; lastKnownFileType = sourcecode.swift; path = TimeRowHeaderBackgroundView.swift; sourceTree = "<group>"; };
		81580BD919F9927500119517 /* TimeRowHeaderView.swift */ = {isa = PBXFileReference; fileEncoding = 4; lastKnownFileType = sourcecode.swift; path = TimeRowHeaderView.swift; sourceTree = "<group>"; };
		81580BDA19F9927500119517 /* TimeRowHeaderView.xib */ = {isa = PBXFileReference; fileEncoding = 4; lastKnownFileType = file.xib; path = TimeRowHeaderView.xib; sourceTree = "<group>"; };
		81580BDD19F9931E00119517 /* DayColumnHeaderBackgroundView.swift */ = {isa = PBXFileReference; fileEncoding = 4; lastKnownFileType = sourcecode.swift; path = DayColumnHeaderBackgroundView.swift; sourceTree = "<group>"; };
		81580BDF19F9938700119517 /* DayColumnHeaderView.swift */ = {isa = PBXFileReference; fileEncoding = 4; lastKnownFileType = sourcecode.swift; path = DayColumnHeaderView.swift; sourceTree = "<group>"; };
		81580BE019F9938700119517 /* DayColumnHeaderView.xib */ = {isa = PBXFileReference; fileEncoding = 4; lastKnownFileType = file.xib; path = DayColumnHeaderView.xib; sourceTree = "<group>"; };
		81580BE319F9958400119517 /* GridLineView.swift */ = {isa = PBXFileReference; fileEncoding = 4; lastKnownFileType = sourcecode.swift; path = GridLineView.swift; sourceTree = "<group>"; };
		81580BEC19F9C21D00119517 /* EventCollectionViewCell.swift */ = {isa = PBXFileReference; fileEncoding = 4; lastKnownFileType = sourcecode.swift; path = EventCollectionViewCell.swift; sourceTree = "<group>"; };
		81580BED19F9C21D00119517 /* EventCollectionViewCell.xib */ = {isa = PBXFileReference; fileEncoding = 4; lastKnownFileType = file.xib; path = EventCollectionViewCell.xib; sourceTree = "<group>"; };
		81580BF019F9C3B400119517 /* Section.swift */ = {isa = PBXFileReference; fileEncoding = 4; lastKnownFileType = sourcecode.swift; path = Section.swift; sourceTree = "<group>"; };
		81580BF319F9C6C300119517 /* Course.swift */ = {isa = PBXFileReference; fileEncoding = 4; lastKnownFileType = sourcecode.swift; path = Course.swift; sourceTree = "<group>"; };
		8172B96019F562590070E7DF /* BaseDataSource.swift */ = {isa = PBXFileReference; fileEncoding = 4; lastKnownFileType = sourcecode.swift; path = BaseDataSource.swift; sourceTree = "<group>"; };
		8172B96119F562590070E7DF /* BasicDataSource.swift */ = {isa = PBXFileReference; fileEncoding = 4; lastKnownFileType = sourcecode.swift; path = BasicDataSource.swift; sourceTree = "<group>"; };
		8172B96219F562590070E7DF /* Cache.swift */ = {isa = PBXFileReference; fileEncoding = 4; lastKnownFileType = sourcecode.swift; path = Cache.swift; sourceTree = "<group>"; };
		8172B96319F562590070E7DF /* CollectionViewCalendarWeekLayout.swift */ = {isa = PBXFileReference; fileEncoding = 4; lastKnownFileType = sourcecode.swift; path = CollectionViewCalendarWeekLayout.swift; sourceTree = "<group>"; };
		8172B96419F562590070E7DF /* CollectionViewDataSourceCalendarWeekLayout.swift */ = {isa = PBXFileReference; fileEncoding = 4; lastKnownFileType = sourcecode.swift; path = CollectionViewDataSourceCalendarWeekLayout.swift; sourceTree = "<group>"; };
		8172B96519F562590070E7DF /* Queue.swift */ = {isa = PBXFileReference; fileEncoding = 4; lastKnownFileType = sourcecode.swift; path = Queue.swift; sourceTree = "<group>"; };
		8172B96619F562590070E7DF /* Stack.swift */ = {isa = PBXFileReference; fileEncoding = 4; lastKnownFileType = sourcecode.swift; path = Stack.swift; sourceTree = "<group>"; };
		8172B96719F562590070E7DF /* DataSourceDelegate.swift */ = {isa = PBXFileReference; fileEncoding = 4; lastKnownFileType = sourcecode.swift; path = DataSourceDelegate.swift; sourceTree = "<group>"; };
		819193CD19F1652700E3A3B8 /* GridLineView.swift */ = {isa = PBXFileReference; fileEncoding = 4; lastKnownFileType = sourcecode.swift; path = GridLineView.swift; sourceTree = "<group>"; };
		81C1F5D819F05C010042AB61 /* SampleCalendarViewController.swift */ = {isa = PBXFileReference; fileEncoding = 4; lastKnownFileType = sourcecode.swift; path = SampleCalendarViewController.swift; sourceTree = "<group>"; };
		81C1F5DA19F05CF30042AB61 /* SampleCalendarCollectionViewDataSource.swift */ = {isa = PBXFileReference; fileEncoding = 4; lastKnownFileType = sourcecode.swift; path = SampleCalendarCollectionViewDataSource.swift; sourceTree = "<group>"; };
		81D270D419F090E700DED75D /* HeaderBackgroundView.swift */ = {isa = PBXFileReference; fileEncoding = 4; lastKnownFileType = sourcecode.swift; path = HeaderBackgroundView.swift; sourceTree = "<group>"; };
		81D270D619F0946100DED75D /* HeaderView.swift */ = {isa = PBXFileReference; fileEncoding = 4; lastKnownFileType = sourcecode.swift; path = HeaderView.swift; sourceTree = "<group>"; };
		81D270D719F0946100DED75D /* HeaderView.xib */ = {isa = PBXFileReference; fileEncoding = 4; lastKnownFileType = file.xib; path = HeaderView.xib; sourceTree = "<group>"; };
		81D9F25B19EF4D9600F987B9 /* ReCalCommon.framework */ = {isa = PBXFileReference; explicitFileType = wrapper.framework; includeInIndex = 0; path = ReCalCommon.framework; sourceTree = BUILT_PRODUCTS_DIR; };
		81D9F25E19EF4D9600F987B9 /* Info.plist */ = {isa = PBXFileReference; lastKnownFileType = text.plist.xml; path = Info.plist; sourceTree = "<group>"; };
		81D9F25F19EF4D9600F987B9 /* ReCalCommon.h */ = {isa = PBXFileReference; lastKnownFileType = sourcecode.c.h; path = ReCalCommon.h; sourceTree = "<group>"; };
		81D9F26519EF4D9600F987B9 /* ReCalCommonTests.xctest */ = {isa = PBXFileReference; explicitFileType = wrapper.cfbundle; includeInIndex = 0; path = ReCalCommonTests.xctest; sourceTree = BUILT_PRODUCTS_DIR; };
		81D9F26A19EF4D9600F987B9 /* Info.plist */ = {isa = PBXFileReference; lastKnownFileType = text.plist.xml; path = Info.plist; sourceTree = "<group>"; };
		81D9F26B19EF4D9600F987B9 /* ReCalCommonTests.swift */ = {isa = PBXFileReference; lastKnownFileType = sourcecode.swift; path = ReCalCommonTests.swift; sourceTree = "<group>"; };
		81FCD27F19F7416F00B6DC2D /* SlidingSidebarViewController.swift */ = {isa = PBXFileReference; fileEncoding = 4; lastKnownFileType = sourcecode.swift; path = SlidingSidebarViewController.swift; sourceTree = "<group>"; };
		81FCD28119F7418F00B6DC2D /* OverlayScrollView.swift */ = {isa = PBXFileReference; fileEncoding = 4; lastKnownFileType = sourcecode.swift; path = OverlayScrollView.swift; sourceTree = "<group>"; };
		81FCD28719F7E3E200B6DC2D /* ReCal Course Selection.app */ = {isa = PBXFileReference; explicitFileType = wrapper.application; includeInIndex = 0; path = "ReCal Course Selection.app"; sourceTree = BUILT_PRODUCTS_DIR; };
		81FCD28A19F7E3E200B6DC2D /* Info.plist */ = {isa = PBXFileReference; lastKnownFileType = text.plist.xml; path = Info.plist; sourceTree = "<group>"; };
		81FCD28B19F7E3E200B6DC2D /* AppDelegate.swift */ = {isa = PBXFileReference; lastKnownFileType = sourcecode.swift; path = AppDelegate.swift; sourceTree = "<group>"; };
		81FCD28F19F7E3E200B6DC2D /* ViewController.swift */ = {isa = PBXFileReference; lastKnownFileType = sourcecode.swift; path = ViewController.swift; sourceTree = "<group>"; };
		81FCD29219F7E3E200B6DC2D /* Base */ = {isa = PBXFileReference; lastKnownFileType = file.storyboard; name = Base; path = Base.lproj/Main.storyboard; sourceTree = "<group>"; };
		81FCD29419F7E3E200B6DC2D /* Images.xcassets */ = {isa = PBXFileReference; lastKnownFileType = folder.assetcatalog; path = Images.xcassets; sourceTree = "<group>"; };
		81FCD29719F7E3E200B6DC2D /* Base */ = {isa = PBXFileReference; lastKnownFileType = file.xib; name = Base; path = Base.lproj/LaunchScreen.xib; sourceTree = "<group>"; };
		81FCD29D19F7E3E200B6DC2D /* ReCal Course SelectionTests.xctest */ = {isa = PBXFileReference; explicitFileType = wrapper.cfbundle; includeInIndex = 0; path = "ReCal Course SelectionTests.xctest"; sourceTree = BUILT_PRODUCTS_DIR; };
		81FCD2A219F7E3E200B6DC2D /* Info.plist */ = {isa = PBXFileReference; lastKnownFileType = text.plist.xml; path = Info.plist; sourceTree = "<group>"; };
		81FCD2A319F7E3E200B6DC2D /* ReCal_Course_SelectionTests.swift */ = {isa = PBXFileReference; lastKnownFileType = sourcecode.swift; path = ReCal_Course_SelectionTests.swift; sourceTree = "<group>"; };
		81FCD2B019F7E41900B6DC2D /* CourseSelectionViewController.swift */ = {isa = PBXFileReference; fileEncoding = 4; lastKnownFileType = sourcecode.swift; path = CourseSelectionViewController.swift; sourceTree = "<group>"; };
		81FCD2B219F7EBF100B6DC2D /* CourseSearchTableViewController.swift */ = {isa = PBXFileReference; fileEncoding = 4; lastKnownFileType = sourcecode.swift; path = CourseSearchTableViewController.swift; sourceTree = "<group>"; };
		81FCD2B419F7F9C000B6DC2D /* CourseDetailsViewController.swift */ = {isa = PBXFileReference; fileEncoding = 4; lastKnownFileType = sourcecode.swift; path = CourseDetailsViewController.swift; sourceTree = "<group>"; };
/* End PBXFileReference section */

/* Begin PBXFrameworksBuildPhase section */
		811D480F19ED7EB000E3F360 /* Frameworks */ = {
			isa = PBXFrameworksBuildPhase;
			buildActionMask = 2147483647;
			files = (
				81D9F26F19EF4D9600F987B9 /* ReCalCommon.framework in Frameworks */,
			);
			runOnlyForDeploymentPostprocessing = 0;
		};
		811D482719ED7EB100E3F360 /* Frameworks */ = {
			isa = PBXFrameworksBuildPhase;
			buildActionMask = 2147483647;
			files = (
			);
			runOnlyForDeploymentPostprocessing = 0;
		};
		81D9F25719EF4D9600F987B9 /* Frameworks */ = {
			isa = PBXFrameworksBuildPhase;
			buildActionMask = 2147483647;
			files = (
			);
			runOnlyForDeploymentPostprocessing = 0;
		};
		81D9F26219EF4D9600F987B9 /* Frameworks */ = {
			isa = PBXFrameworksBuildPhase;
			buildActionMask = 2147483647;
			files = (
			);
			runOnlyForDeploymentPostprocessing = 0;
		};
		81FCD28419F7E3E200B6DC2D /* Frameworks */ = {
			isa = PBXFrameworksBuildPhase;
			buildActionMask = 2147483647;
			files = (
				81FCD2AB19F7E3FD00B6DC2D /* ReCalCommon.framework in Frameworks */,
			);
			runOnlyForDeploymentPostprocessing = 0;
		};
		81FCD29A19F7E3E200B6DC2D /* Frameworks */ = {
			isa = PBXFrameworksBuildPhase;
			buildActionMask = 2147483647;
			files = (
			);
			runOnlyForDeploymentPostprocessing = 0;
		};
/* End PBXFrameworksBuildPhase section */

/* Begin PBXGroup section */
		8111F62219F493A500A331E3 /* Controls */ = {
			isa = PBXGroup;
			children = (
				8111F63519F4957F00A331E3 /* SlidingSelectionControl.swift */,
			);
			name = Controls;
			sourceTree = "<group>";
		};
		811D480919ED7EB000E3F360 = {
			isa = PBXGroup;
			children = (
				811D481419ED7EB000E3F360 /* ReCal iOS */,
				811D482D19ED7EB100E3F360 /* ReCal iOSTests */,
				81D9F25C19EF4D9600F987B9 /* ReCalCommon */,
				81D9F26819EF4D9600F987B9 /* ReCalCommonTests */,
				81FCD28819F7E3E200B6DC2D /* ReCal Course Selection */,
				81FCD2A019F7E3E200B6DC2D /* ReCal Course SelectionTests */,
				811D481319ED7EB000E3F360 /* Products */,
			);
			sourceTree = "<group>";
		};
		811D481319ED7EB000E3F360 /* Products */ = {
			isa = PBXGroup;
			children = (
				811D481219ED7EB000E3F360 /* ReCal iOS.app */,
				811D482A19ED7EB100E3F360 /* ReCal iOSTests.xctest */,
				81D9F25B19EF4D9600F987B9 /* ReCalCommon.framework */,
				81D9F26519EF4D9600F987B9 /* ReCalCommonTests.xctest */,
				81FCD28719F7E3E200B6DC2D /* ReCal Course Selection.app */,
				81FCD29D19F7E3E200B6DC2D /* ReCal Course SelectionTests.xctest */,
			);
			name = Products;
			sourceTree = "<group>";
		};
		811D481419ED7EB000E3F360 /* ReCal iOS */ = {
			isa = PBXGroup;
			children = (
				811D481719ED7EB000E3F360 /* AppDelegate.swift */,
				811E64C919F56681007B0148 /* SampleTableViewController.swift */,
				811D481C19ED7EB000E3F360 /* ViewController.swift */,
				811D481E19ED7EB000E3F360 /* Main.storyboard */,
				811D482119ED7EB000E3F360 /* Images.xcassets */,
				811D482319ED7EB000E3F360 /* LaunchScreen.xib */,
				811D481919ED7EB000E3F360 /* ReCal_iOS.xcdatamodeld */,
				811D481519ED7EB000E3F360 /* Supporting Files */,
				81C1F5D819F05C010042AB61 /* SampleCalendarViewController.swift */,
				819193CD19F1652700E3A3B8 /* GridLineView.swift */,
				81C1F5DA19F05CF30042AB61 /* SampleCalendarCollectionViewDataSource.swift */,
				81D270D419F090E700DED75D /* HeaderBackgroundView.swift */,
				8124968F19F17F440081AFB2 /* TimeHeaderBackgroundView.swift */,
				81D270D619F0946100DED75D /* HeaderView.swift */,
				81D270D719F0946100DED75D /* HeaderView.xib */,
				8124969119F18A620081AFB2 /* TimeHeaderView.swift */,
				8124969219F18A620081AFB2 /* TimeHeaderView.xib */,
				8150582719F2F5D300EC8912 /* EventsCollectionViewCell.swift */,
				8150582819F2F5D300EC8912 /* EventsCollectionViewCell.xib */,
			);
			path = "ReCal iOS";
			sourceTree = "<group>";
		};
		811D481519ED7EB000E3F360 /* Supporting Files */ = {
			isa = PBXGroup;
			children = (
				811D481619ED7EB000E3F360 /* Info.plist */,
			);
			name = "Supporting Files";
			sourceTree = "<group>";
		};
		811D482D19ED7EB100E3F360 /* ReCal iOSTests */ = {
			isa = PBXGroup;
			children = (
				811D483019ED7EB100E3F360 /* ReCal_iOSTests.swift */,
				811D482E19ED7EB100E3F360 /* Supporting Files */,
			);
			path = "ReCal iOSTests";
			sourceTree = "<group>";
		};
		811D482E19ED7EB100E3F360 /* Supporting Files */ = {
			isa = PBXGroup;
			children = (
				811D482F19ED7EB100E3F360 /* Info.plist */,
			);
			name = "Supporting Files";
			sourceTree = "<group>";
		};
		81580BD819F9922800119517 /* Calendar View Components */ = {
			isa = PBXGroup;
			children = (
				81580BD619F9922100119517 /* TimeRowHeaderBackgroundView.swift */,
				81580BD919F9927500119517 /* TimeRowHeaderView.swift */,
				81580BDA19F9927500119517 /* TimeRowHeaderView.xib */,
				81580BDD19F9931E00119517 /* DayColumnHeaderBackgroundView.swift */,
				81580BDF19F9938700119517 /* DayColumnHeaderView.swift */,
				81580BE019F9938700119517 /* DayColumnHeaderView.xib */,
				81580BE319F9958400119517 /* GridLineView.swift */,
				81580BEC19F9C21D00119517 /* EventCollectionViewCell.swift */,
				81580BED19F9C21D00119517 /* EventCollectionViewCell.xib */,
			);
			name = "Calendar View Components";
			sourceTree = "<group>";
		};
		81580BE519F99C5900119517 /* Section Selection */ = {
			isa = PBXGroup;
			children = (
				81580BD019F98E6200119517 /* SectionSelectionViewController.swift */,
				81580BD219F9905100119517 /* ScheduleCollectionViewDataSource.swift */,
				81580BD819F9922800119517 /* Calendar View Components */,
			);
			name = "Section Selection";
			sourceTree = "<group>";
		};
		81580BF219F9C3C700119517 /* Model */ = {
			isa = PBXGroup;
			children = (
				81580BF019F9C3B400119517 /* Section.swift */,
				81580BF319F9C6C300119517 /* Course.swift */,
			);
			name = Model;
			sourceTree = "<group>";
		};
		8172B97019F5627C0070E7DF /* Data Strucutres */ = {
			isa = PBXGroup;
			children = (
				8172B96219F562590070E7DF /* Cache.swift */,
				8172B96519F562590070E7DF /* Queue.swift */,
				8172B96619F562590070E7DF /* Stack.swift */,
			);
			name = "Data Strucutres";
			sourceTree = "<group>";
		};
		8172B97119F562840070E7DF /* DataSource */ = {
			isa = PBXGroup;
			children = (
				8172B96019F562590070E7DF /* BaseDataSource.swift */,
				8172B96119F562590070E7DF /* BasicDataSource.swift */,
				8172B96719F562590070E7DF /* DataSourceDelegate.swift */,
			);
			name = DataSource;
			sourceTree = "<group>";
		};
		8172B97219F562990070E7DF /* Calendar */ = {
			isa = PBXGroup;
			children = (
				8172B96319F562590070E7DF /* CollectionViewCalendarWeekLayout.swift */,
				8172B96419F562590070E7DF /* CollectionViewDataSourceCalendarWeekLayout.swift */,
			);
			name = Calendar;
			sourceTree = "<group>";
		};
		81D9F25C19EF4D9600F987B9 /* ReCalCommon */ = {
			isa = PBXGroup;
			children = (
				81FCD27E19F7414400B6DC2D /* SlidingSidebarViewController */,
				8111F62219F493A500A331E3 /* Controls */,
				8172B97219F562990070E7DF /* Calendar */,
				8172B97019F5627C0070E7DF /* Data Strucutres */,
				8172B97119F562840070E7DF /* DataSource */,
				8111F62B19F4947700A331E3 /* Util.swift */,
				81D9F25F19EF4D9600F987B9 /* ReCalCommon.h */,
				81D9F25D19EF4D9600F987B9 /* Supporting Files */,
			);
			path = ReCalCommon;
			sourceTree = "<group>";
		};
		81D9F25D19EF4D9600F987B9 /* Supporting Files */ = {
			isa = PBXGroup;
			children = (
				81D9F25E19EF4D9600F987B9 /* Info.plist */,
			);
			name = "Supporting Files";
			sourceTree = "<group>";
		};
		81D9F26819EF4D9600F987B9 /* ReCalCommonTests */ = {
			isa = PBXGroup;
			children = (
				81D9F26B19EF4D9600F987B9 /* ReCalCommonTests.swift */,
				81D9F26919EF4D9600F987B9 /* Supporting Files */,
			);
			path = ReCalCommonTests;
			sourceTree = "<group>";
		};
		81D9F26919EF4D9600F987B9 /* Supporting Files */ = {
			isa = PBXGroup;
			children = (
				81D9F26A19EF4D9600F987B9 /* Info.plist */,
			);
			name = "Supporting Files";
			sourceTree = "<group>";
		};
		81FCD27E19F7414400B6DC2D /* SlidingSidebarViewController */ = {
			isa = PBXGroup;
			children = (
				81FCD27F19F7416F00B6DC2D /* SlidingSidebarViewController.swift */,
				81FCD28119F7418F00B6DC2D /* OverlayScrollView.swift */,
			);
			name = SlidingSidebarViewController;
			sourceTree = "<group>";
		};
		81FCD28819F7E3E200B6DC2D /* ReCal Course Selection */ = {
			isa = PBXGroup;
			children = (
				81FCD28B19F7E3E200B6DC2D /* AppDelegate.swift */,
				81FCD28F19F7E3E200B6DC2D /* ViewController.swift */,
				81FCD2B219F7EBF100B6DC2D /* CourseSearchTableViewController.swift */,
				81FCD2B419F7F9C000B6DC2D /* CourseDetailsViewController.swift */,
				81FCD2B019F7E41900B6DC2D /* CourseSelectionViewController.swift */,
				81580BF219F9C3C700119517 /* Model */,
				81580BE519F99C5900119517 /* Section Selection */,
				81FCD29119F7E3E200B6DC2D /* Main.storyboard */,
				81FCD29419F7E3E200B6DC2D /* Images.xcassets */,
				81FCD29619F7E3E200B6DC2D /* LaunchScreen.xib */,
				81FCD28D19F7E3E200B6DC2D /* ReCal_Course_Selection.xcdatamodeld */,
				81FCD28919F7E3E200B6DC2D /* Supporting Files */,
			);
			path = "ReCal Course Selection";
			sourceTree = "<group>";
		};
		81FCD28919F7E3E200B6DC2D /* Supporting Files */ = {
			isa = PBXGroup;
			children = (
				81FCD28A19F7E3E200B6DC2D /* Info.plist */,
			);
			name = "Supporting Files";
			sourceTree = "<group>";
		};
		81FCD2A019F7E3E200B6DC2D /* ReCal Course SelectionTests */ = {
			isa = PBXGroup;
			children = (
				81FCD2A319F7E3E200B6DC2D /* ReCal_Course_SelectionTests.swift */,
				81FCD2A119F7E3E200B6DC2D /* Supporting Files */,
			);
			path = "ReCal Course SelectionTests";
			sourceTree = "<group>";
		};
		81FCD2A119F7E3E200B6DC2D /* Supporting Files */ = {
			isa = PBXGroup;
			children = (
				81FCD2A219F7E3E200B6DC2D /* Info.plist */,
			);
			name = "Supporting Files";
			sourceTree = "<group>";
		};
/* End PBXGroup section */

/* Begin PBXHeadersBuildPhase section */
		81D9F25819EF4D9600F987B9 /* Headers */ = {
			isa = PBXHeadersBuildPhase;
			buildActionMask = 2147483647;
			files = (
				81D9F26019EF4D9600F987B9 /* ReCalCommon.h in Headers */,
			);
			runOnlyForDeploymentPostprocessing = 0;
		};
/* End PBXHeadersBuildPhase section */

/* Begin PBXNativeTarget section */
		811D481119ED7EB000E3F360 /* ReCal iOS */ = {
			isa = PBXNativeTarget;
			buildConfigurationList = 811D483419ED7EB100E3F360 /* Build configuration list for PBXNativeTarget "ReCal iOS" */;
			buildPhases = (
				811D480E19ED7EB000E3F360 /* Sources */,
				811D480F19ED7EB000E3F360 /* Frameworks */,
				811D481019ED7EB000E3F360 /* Resources */,
				8144D89119EEB86B00C9EF24 /* Embed Frameworks */,
			);
			buildRules = (
			);
			dependencies = (
				81D9F26E19EF4D9600F987B9 /* PBXTargetDependency */,
				81D9F27219EF4D9600F987B9 /* PBXTargetDependency */,
			);
			name = "ReCal iOS";
			productName = "ReCal iOS";
			productReference = 811D481219ED7EB000E3F360 /* ReCal iOS.app */;
			productType = "com.apple.product-type.application";
		};
		811D482919ED7EB100E3F360 /* ReCal iOSTests */ = {
			isa = PBXNativeTarget;
			buildConfigurationList = 811D483719ED7EB100E3F360 /* Build configuration list for PBXNativeTarget "ReCal iOSTests" */;
			buildPhases = (
				811D482619ED7EB100E3F360 /* Sources */,
				811D482719ED7EB100E3F360 /* Frameworks */,
				811D482819ED7EB100E3F360 /* Resources */,
			);
			buildRules = (
			);
			dependencies = (
				811D482C19ED7EB100E3F360 /* PBXTargetDependency */,
			);
			name = "ReCal iOSTests";
			productName = "ReCal iOSTests";
			productReference = 811D482A19ED7EB100E3F360 /* ReCal iOSTests.xctest */;
			productType = "com.apple.product-type.bundle.unit-test";
		};
		81D9F25A19EF4D9600F987B9 /* ReCalCommon */ = {
			isa = PBXNativeTarget;
			buildConfigurationList = 81D9F27319EF4D9600F987B9 /* Build configuration list for PBXNativeTarget "ReCalCommon" */;
			buildPhases = (
				81D9F25619EF4D9600F987B9 /* Sources */,
				81D9F25719EF4D9600F987B9 /* Frameworks */,
				81D9F25819EF4D9600F987B9 /* Headers */,
				81D9F25919EF4D9600F987B9 /* Resources */,
			);
			buildRules = (
			);
			dependencies = (
			);
			name = ReCalCommon;
			productName = ReCalCommon;
			productReference = 81D9F25B19EF4D9600F987B9 /* ReCalCommon.framework */;
			productType = "com.apple.product-type.framework";
		};
		81D9F26419EF4D9600F987B9 /* ReCalCommonTests */ = {
			isa = PBXNativeTarget;
			buildConfigurationList = 81D9F27619EF4D9600F987B9 /* Build configuration list for PBXNativeTarget "ReCalCommonTests" */;
			buildPhases = (
				81D9F26119EF4D9600F987B9 /* Sources */,
				81D9F26219EF4D9600F987B9 /* Frameworks */,
				81D9F26319EF4D9600F987B9 /* Resources */,
			);
			buildRules = (
			);
			dependencies = (
				81D9F26719EF4D9600F987B9 /* PBXTargetDependency */,
			);
			name = ReCalCommonTests;
			productName = ReCalCommonTests;
			productReference = 81D9F26519EF4D9600F987B9 /* ReCalCommonTests.xctest */;
			productType = "com.apple.product-type.bundle.unit-test";
		};
		81FCD28619F7E3E200B6DC2D /* ReCal Course Selection */ = {
			isa = PBXNativeTarget;
			buildConfigurationList = 81FCD2A919F7E3E200B6DC2D /* Build configuration list for PBXNativeTarget "ReCal Course Selection" */;
			buildPhases = (
				81FCD28319F7E3E200B6DC2D /* Sources */,
				81FCD28419F7E3E200B6DC2D /* Frameworks */,
				81FCD28519F7E3E200B6DC2D /* Resources */,
				81FCD2AF19F7E3FD00B6DC2D /* Embed Frameworks */,
			);
			buildRules = (
			);
			dependencies = (
				81FCD2AE19F7E3FD00B6DC2D /* PBXTargetDependency */,
			);
			name = "ReCal Course Selection";
			productName = "ReCal Course Selection";
			productReference = 81FCD28719F7E3E200B6DC2D /* ReCal Course Selection.app */;
			productType = "com.apple.product-type.application";
		};
		81FCD29C19F7E3E200B6DC2D /* ReCal Course SelectionTests */ = {
			isa = PBXNativeTarget;
			buildConfigurationList = 81FCD2AA19F7E3E200B6DC2D /* Build configuration list for PBXNativeTarget "ReCal Course SelectionTests" */;
			buildPhases = (
				81FCD29919F7E3E200B6DC2D /* Sources */,
				81FCD29A19F7E3E200B6DC2D /* Frameworks */,
				81FCD29B19F7E3E200B6DC2D /* Resources */,
			);
			buildRules = (
			);
			dependencies = (
				81FCD29F19F7E3E200B6DC2D /* PBXTargetDependency */,
			);
			name = "ReCal Course SelectionTests";
			productName = "ReCal Course SelectionTests";
			productReference = 81FCD29D19F7E3E200B6DC2D /* ReCal Course SelectionTests.xctest */;
			productType = "com.apple.product-type.bundle.unit-test";
		};
/* End PBXNativeTarget section */

/* Begin PBXProject section */
		811D480A19ED7EB000E3F360 /* Project object */ = {
			isa = PBXProject;
			attributes = {
				LastUpgradeCheck = 0600;
				ORGANIZATIONNAME = ReCal;
				TargetAttributes = {
					811D481119ED7EB000E3F360 = {
						CreatedOnToolsVersion = 6.0.1;
						DevelopmentTeam = JKWEABKQ7A;
					};
					811D482919ED7EB100E3F360 = {
						CreatedOnToolsVersion = 6.0.1;
						TestTargetID = 811D481119ED7EB000E3F360;
					};
					81D9F25A19EF4D9600F987B9 = {
						CreatedOnToolsVersion = 6.0.1;
					};
					81D9F26419EF4D9600F987B9 = {
						CreatedOnToolsVersion = 6.0.1;
						TestTargetID = 811D481119ED7EB000E3F360;
					};
					81FCD28619F7E3E200B6DC2D = {
						CreatedOnToolsVersion = 6.1;
					};
					81FCD29C19F7E3E200B6DC2D = {
						CreatedOnToolsVersion = 6.1;
						TestTargetID = 81FCD28619F7E3E200B6DC2D;
					};
				};
			};
			buildConfigurationList = 811D480D19ED7EB000E3F360 /* Build configuration list for PBXProject "ReCal iOS" */;
			compatibilityVersion = "Xcode 3.2";
			developmentRegion = English;
			hasScannedForEncodings = 0;
			knownRegions = (
				en,
				Base,
			);
			mainGroup = 811D480919ED7EB000E3F360;
			productRefGroup = 811D481319ED7EB000E3F360 /* Products */;
			projectDirPath = "";
			projectRoot = "";
			targets = (
				811D481119ED7EB000E3F360 /* ReCal iOS */,
				811D482919ED7EB100E3F360 /* ReCal iOSTests */,
				81D9F25A19EF4D9600F987B9 /* ReCalCommon */,
				81D9F26419EF4D9600F987B9 /* ReCalCommonTests */,
				81FCD28619F7E3E200B6DC2D /* ReCal Course Selection */,
				81FCD29C19F7E3E200B6DC2D /* ReCal Course SelectionTests */,
			);
		};
/* End PBXProject section */

/* Begin PBXResourcesBuildPhase section */
		811D481019ED7EB000E3F360 /* Resources */ = {
			isa = PBXResourcesBuildPhase;
			buildActionMask = 2147483647;
			files = (
				811D482019ED7EB000E3F360 /* Main.storyboard in Resources */,
				8150582A19F2F5D300EC8912 /* EventsCollectionViewCell.xib in Resources */,
				811D482519ED7EB000E3F360 /* LaunchScreen.xib in Resources */,
				8124969419F18A620081AFB2 /* TimeHeaderView.xib in Resources */,
				811D482219ED7EB000E3F360 /* Images.xcassets in Resources */,
				81D270D919F0946100DED75D /* HeaderView.xib in Resources */,
			);
			runOnlyForDeploymentPostprocessing = 0;
		};
		811D482819ED7EB100E3F360 /* Resources */ = {
			isa = PBXResourcesBuildPhase;
			buildActionMask = 2147483647;
			files = (
			);
			runOnlyForDeploymentPostprocessing = 0;
		};
		81D9F25919EF4D9600F987B9 /* Resources */ = {
			isa = PBXResourcesBuildPhase;
			buildActionMask = 2147483647;
			files = (
			);
			runOnlyForDeploymentPostprocessing = 0;
		};
		81D9F26319EF4D9600F987B9 /* Resources */ = {
			isa = PBXResourcesBuildPhase;
			buildActionMask = 2147483647;
			files = (
			);
			runOnlyForDeploymentPostprocessing = 0;
		};
		81FCD28519F7E3E200B6DC2D /* Resources */ = {
			isa = PBXResourcesBuildPhase;
			buildActionMask = 2147483647;
			files = (
				81FCD29319F7E3E200B6DC2D /* Main.storyboard in Resources */,
				81580BDC19F9927500119517 /* TimeRowHeaderView.xib in Resources */,
				81FCD29819F7E3E200B6DC2D /* LaunchScreen.xib in Resources */,
				81580BE219F9938700119517 /* DayColumnHeaderView.xib in Resources */,
				81FCD29519F7E3E200B6DC2D /* Images.xcassets in Resources */,
				81580BEF19F9C21D00119517 /* EventCollectionViewCell.xib in Resources */,
			);
			runOnlyForDeploymentPostprocessing = 0;
		};
		81FCD29B19F7E3E200B6DC2D /* Resources */ = {
			isa = PBXResourcesBuildPhase;
			buildActionMask = 2147483647;
			files = (
			);
			runOnlyForDeploymentPostprocessing = 0;
		};
/* End PBXResourcesBuildPhase section */

/* Begin PBXSourcesBuildPhase section */
		811D480E19ED7EB000E3F360 /* Sources */ = {
			isa = PBXSourcesBuildPhase;
			buildActionMask = 2147483647;
			files = (
				81C1F5D919F05C010042AB61 /* SampleCalendarViewController.swift in Sources */,
				811D481D19ED7EB000E3F360 /* ViewController.swift in Sources */,
				8124969319F18A620081AFB2 /* TimeHeaderView.swift in Sources */,
				811D481819ED7EB000E3F360 /* AppDelegate.swift in Sources */,
				811D481B19ED7EB000E3F360 /* ReCal_iOS.xcdatamodeld in Sources */,
				81C1F5DB19F05CF30042AB61 /* SampleCalendarCollectionViewDataSource.swift in Sources */,
				81D270D519F090E700DED75D /* HeaderBackgroundView.swift in Sources */,
				8124969019F17F440081AFB2 /* TimeHeaderBackgroundView.swift in Sources */,
				8150582919F2F5D300EC8912 /* EventsCollectionViewCell.swift in Sources */,
				819193CE19F1652700E3A3B8 /* GridLineView.swift in Sources */,
				81D270D819F0946100DED75D /* HeaderView.swift in Sources */,
				811E64CA19F56681007B0148 /* SampleTableViewController.swift in Sources */,
			);
			runOnlyForDeploymentPostprocessing = 0;
		};
		811D482619ED7EB100E3F360 /* Sources */ = {
			isa = PBXSourcesBuildPhase;
			buildActionMask = 2147483647;
			files = (
				811D483119ED7EB100E3F360 /* ReCal_iOSTests.swift in Sources */,
			);
			runOnlyForDeploymentPostprocessing = 0;
		};
		81D9F25619EF4D9600F987B9 /* Sources */ = {
			isa = PBXSourcesBuildPhase;
			buildActionMask = 2147483647;
			files = (
				81FCD28019F7416F00B6DC2D /* SlidingSidebarViewController.swift in Sources */,
				8172B96B19F562590070E7DF /* CollectionViewCalendarWeekLayout.swift in Sources */,
				8172B96E19F562590070E7DF /* Stack.swift in Sources */,
				81FCD28219F7418F00B6DC2D /* OverlayScrollView.swift in Sources */,
				8172B96A19F562590070E7DF /* Cache.swift in Sources */,
				8172B96D19F562590070E7DF /* Queue.swift in Sources */,
				8111F63619F4957F00A331E3 /* SlidingSelectionControl.swift in Sources */,
				8172B96C19F562590070E7DF /* CollectionViewDataSourceCalendarWeekLayout.swift in Sources */,
				8111F63319F4947700A331E3 /* Util.swift in Sources */,
			);
			runOnlyForDeploymentPostprocessing = 0;
		};
		81D9F26119EF4D9600F987B9 /* Sources */ = {
			isa = PBXSourcesBuildPhase;
			buildActionMask = 2147483647;
			files = (
				81D9F26C19EF4D9600F987B9 /* ReCalCommonTests.swift in Sources */,
			);
			runOnlyForDeploymentPostprocessing = 0;
		};
		81FCD28319F7E3E200B6DC2D /* Sources */ = {
			isa = PBXSourcesBuildPhase;
			buildActionMask = 2147483647;
			files = (
				81580BF119F9C3B400119517 /* Section.swift in Sources */,
				81580BD319F9905100119517 /* ScheduleCollectionViewDataSource.swift in Sources */,
				81580BEE19F9C21D00119517 /* EventCollectionViewCell.swift in Sources */,
				81580BDB19F9927500119517 /* TimeRowHeaderView.swift in Sources */,
				81580BE419F9958400119517 /* GridLineView.swift in Sources */,
				81FCD2B519F7F9C000B6DC2D /* CourseDetailsViewController.swift in Sources */,
				81FCD2B119F7E41900B6DC2D /* CourseSelectionViewController.swift in Sources */,
				81FCD29019F7E3E200B6DC2D /* ViewController.swift in Sources */,
				81580BF419F9C6C300119517 /* Course.swift in Sources */,
				81580BD119F98E6200119517 /* SectionSelectionViewController.swift in Sources */,
				81580BD719F9922100119517 /* TimeRowHeaderBackgroundView.swift in Sources */,
				81580BDE19F9931E00119517 /* DayColumnHeaderBackgroundView.swift in Sources */,
				81580BE119F9938700119517 /* DayColumnHeaderView.swift in Sources */,
				81FCD2B319F7EBF100B6DC2D /* CourseSearchTableViewController.swift in Sources */,
				81FCD28C19F7E3E200B6DC2D /* AppDelegate.swift in Sources */,
				81FCD28E19F7E3E200B6DC2D /* ReCal_Course_Selection.xcdatamodeld in Sources */,
			);
			runOnlyForDeploymentPostprocessing = 0;
		};
		81FCD29919F7E3E200B6DC2D /* Sources */ = {
			isa = PBXSourcesBuildPhase;
			buildActionMask = 2147483647;
			files = (
				81FCD2A419F7E3E200B6DC2D /* ReCal_Course_SelectionTests.swift in Sources */,
			);
			runOnlyForDeploymentPostprocessing = 0;
		};
/* End PBXSourcesBuildPhase section */

/* Begin PBXTargetDependency section */
		811D482C19ED7EB100E3F360 /* PBXTargetDependency */ = {
			isa = PBXTargetDependency;
			target = 811D481119ED7EB000E3F360 /* ReCal iOS */;
			targetProxy = 811D482B19ED7EB100E3F360 /* PBXContainerItemProxy */;
		};
		81D9F26719EF4D9600F987B9 /* PBXTargetDependency */ = {
			isa = PBXTargetDependency;
			target = 811D481119ED7EB000E3F360 /* ReCal iOS */;
			targetProxy = 81D9F26619EF4D9600F987B9 /* PBXContainerItemProxy */;
		};
		81D9F26E19EF4D9600F987B9 /* PBXTargetDependency */ = {
			isa = PBXTargetDependency;
			target = 81D9F25A19EF4D9600F987B9 /* ReCalCommon */;
			targetProxy = 81D9F26D19EF4D9600F987B9 /* PBXContainerItemProxy */;
		};
		81D9F27219EF4D9600F987B9 /* PBXTargetDependency */ = {
			isa = PBXTargetDependency;
			target = 81D9F25A19EF4D9600F987B9 /* ReCalCommon */;
			targetProxy = 81D9F27119EF4D9600F987B9 /* PBXContainerItemProxy */;
		};
		81FCD29F19F7E3E200B6DC2D /* PBXTargetDependency */ = {
			isa = PBXTargetDependency;
			target = 81FCD28619F7E3E200B6DC2D /* ReCal Course Selection */;
			targetProxy = 81FCD29E19F7E3E200B6DC2D /* PBXContainerItemProxy */;
		};
		81FCD2AE19F7E3FD00B6DC2D /* PBXTargetDependency */ = {
			isa = PBXTargetDependency;
			target = 81D9F25A19EF4D9600F987B9 /* ReCalCommon */;
			targetProxy = 81FCD2AD19F7E3FD00B6DC2D /* PBXContainerItemProxy */;
		};
/* End PBXTargetDependency section */

/* Begin PBXVariantGroup section */
		811D481E19ED7EB000E3F360 /* Main.storyboard */ = {
			isa = PBXVariantGroup;
			children = (
				811D481F19ED7EB000E3F360 /* Base */,
			);
			name = Main.storyboard;
			sourceTree = "<group>";
		};
		811D482319ED7EB000E3F360 /* LaunchScreen.xib */ = {
			isa = PBXVariantGroup;
			children = (
				811D482419ED7EB000E3F360 /* Base */,
			);
			name = LaunchScreen.xib;
			sourceTree = "<group>";
		};
		81FCD29119F7E3E200B6DC2D /* Main.storyboard */ = {
			isa = PBXVariantGroup;
			children = (
				81FCD29219F7E3E200B6DC2D /* Base */,
			);
			name = Main.storyboard;
			sourceTree = "<group>";
		};
		81FCD29619F7E3E200B6DC2D /* LaunchScreen.xib */ = {
			isa = PBXVariantGroup;
			children = (
				81FCD29719F7E3E200B6DC2D /* Base */,
			);
			name = LaunchScreen.xib;
			sourceTree = "<group>";
		};
/* End PBXVariantGroup section */

/* Begin XCBuildConfiguration section */
		811D483219ED7EB100E3F360 /* Debug */ = {
			isa = XCBuildConfiguration;
			buildSettings = {
				ALWAYS_SEARCH_USER_PATHS = NO;
				CLANG_CXX_LANGUAGE_STANDARD = "gnu++0x";
				CLANG_CXX_LIBRARY = "libc++";
				CLANG_ENABLE_MODULES = YES;
				CLANG_ENABLE_OBJC_ARC = YES;
				CLANG_WARN_BOOL_CONVERSION = YES;
				CLANG_WARN_CONSTANT_CONVERSION = YES;
				CLANG_WARN_DIRECT_OBJC_ISA_USAGE = YES_ERROR;
				CLANG_WARN_EMPTY_BODY = YES;
				CLANG_WARN_ENUM_CONVERSION = YES;
				CLANG_WARN_INT_CONVERSION = YES;
				CLANG_WARN_OBJC_ROOT_CLASS = YES_ERROR;
				CLANG_WARN_UNREACHABLE_CODE = YES;
				CLANG_WARN__DUPLICATE_METHOD_MATCH = YES;
				"CODE_SIGN_IDENTITY[sdk=iphoneos*]" = "iPhone Developer";
				COPY_PHASE_STRIP = NO;
				ENABLE_STRICT_OBJC_MSGSEND = YES;
				GCC_C_LANGUAGE_STANDARD = gnu99;
				GCC_DYNAMIC_NO_PIC = NO;
				GCC_OPTIMIZATION_LEVEL = 0;
				GCC_PREPROCESSOR_DEFINITIONS = (
					"DEBUG=1",
					"$(inherited)",
				);
				GCC_SYMBOLS_PRIVATE_EXTERN = NO;
				GCC_WARN_64_TO_32_BIT_CONVERSION = YES;
				GCC_WARN_ABOUT_RETURN_TYPE = YES_ERROR;
				GCC_WARN_UNDECLARED_SELECTOR = YES;
				GCC_WARN_UNINITIALIZED_AUTOS = YES_AGGRESSIVE;
				GCC_WARN_UNUSED_FUNCTION = YES;
				GCC_WARN_UNUSED_VARIABLE = YES;
				IPHONEOS_DEPLOYMENT_TARGET = 8.0;
				MTL_ENABLE_DEBUG_INFO = YES;
				ONLY_ACTIVE_ARCH = YES;
				SDKROOT = iphoneos;
				SWIFT_OPTIMIZATION_LEVEL = "-Onone";
			};
			name = Debug;
		};
		811D483319ED7EB100E3F360 /* Release */ = {
			isa = XCBuildConfiguration;
			buildSettings = {
				ALWAYS_SEARCH_USER_PATHS = NO;
				CLANG_CXX_LANGUAGE_STANDARD = "gnu++0x";
				CLANG_CXX_LIBRARY = "libc++";
				CLANG_ENABLE_MODULES = YES;
				CLANG_ENABLE_OBJC_ARC = YES;
				CLANG_WARN_BOOL_CONVERSION = YES;
				CLANG_WARN_CONSTANT_CONVERSION = YES;
				CLANG_WARN_DIRECT_OBJC_ISA_USAGE = YES_ERROR;
				CLANG_WARN_EMPTY_BODY = YES;
				CLANG_WARN_ENUM_CONVERSION = YES;
				CLANG_WARN_INT_CONVERSION = YES;
				CLANG_WARN_OBJC_ROOT_CLASS = YES_ERROR;
				CLANG_WARN_UNREACHABLE_CODE = YES;
				CLANG_WARN__DUPLICATE_METHOD_MATCH = YES;
				"CODE_SIGN_IDENTITY[sdk=iphoneos*]" = "iPhone Developer";
				COPY_PHASE_STRIP = YES;
				ENABLE_NS_ASSERTIONS = NO;
				ENABLE_STRICT_OBJC_MSGSEND = YES;
				GCC_C_LANGUAGE_STANDARD = gnu99;
				GCC_WARN_64_TO_32_BIT_CONVERSION = YES;
				GCC_WARN_ABOUT_RETURN_TYPE = YES_ERROR;
				GCC_WARN_UNDECLARED_SELECTOR = YES;
				GCC_WARN_UNINITIALIZED_AUTOS = YES_AGGRESSIVE;
				GCC_WARN_UNUSED_FUNCTION = YES;
				GCC_WARN_UNUSED_VARIABLE = YES;
				IPHONEOS_DEPLOYMENT_TARGET = 8.0;
				MTL_ENABLE_DEBUG_INFO = NO;
				SDKROOT = iphoneos;
				VALIDATE_PRODUCT = YES;
			};
			name = Release;
		};
		811D483519ED7EB100E3F360 /* Debug */ = {
			isa = XCBuildConfiguration;
			buildSettings = {
				ASSETCATALOG_COMPILER_APPICON_NAME = AppIcon;
				CODE_SIGN_IDENTITY = "iPhone Developer";
				GCC_OPTIMIZATION_LEVEL = 0;
				INFOPLIST_FILE = "ReCal iOS/Info.plist";
				LD_RUNPATH_SEARCH_PATHS = "$(inherited) @executable_path/Frameworks";
				PRODUCT_NAME = "$(TARGET_NAME)";
			};
			name = Debug;
		};
		811D483619ED7EB100E3F360 /* Release */ = {
			isa = XCBuildConfiguration;
			buildSettings = {
				ASSETCATALOG_COMPILER_APPICON_NAME = AppIcon;
				CODE_SIGN_IDENTITY = "iPhone Developer";
				INFOPLIST_FILE = "ReCal iOS/Info.plist";
				LD_RUNPATH_SEARCH_PATHS = "$(inherited) @executable_path/Frameworks";
				PRODUCT_NAME = "$(TARGET_NAME)";
			};
			name = Release;
		};
		811D483819ED7EB100E3F360 /* Debug */ = {
			isa = XCBuildConfiguration;
			buildSettings = {
				BUNDLE_LOADER = "$(TEST_HOST)";
				FRAMEWORK_SEARCH_PATHS = (
					"$(SDKROOT)/Developer/Library/Frameworks",
					"$(inherited)",
				);
				GCC_PREPROCESSOR_DEFINITIONS = (
					"DEBUG=1",
					"$(inherited)",
				);
				INFOPLIST_FILE = "ReCal iOSTests/Info.plist";
				LD_RUNPATH_SEARCH_PATHS = "$(inherited) @executable_path/Frameworks @loader_path/Frameworks";
				PRODUCT_NAME = "$(TARGET_NAME)";
				TEST_HOST = "$(BUILT_PRODUCTS_DIR)/ReCal iOS.app/ReCal iOS";
			};
			name = Debug;
		};
		811D483919ED7EB100E3F360 /* Release */ = {
			isa = XCBuildConfiguration;
			buildSettings = {
				BUNDLE_LOADER = "$(TEST_HOST)";
				FRAMEWORK_SEARCH_PATHS = (
					"$(SDKROOT)/Developer/Library/Frameworks",
					"$(inherited)",
				);
				INFOPLIST_FILE = "ReCal iOSTests/Info.plist";
				LD_RUNPATH_SEARCH_PATHS = "$(inherited) @executable_path/Frameworks @loader_path/Frameworks";
				PRODUCT_NAME = "$(TARGET_NAME)";
				TEST_HOST = "$(BUILT_PRODUCTS_DIR)/ReCal iOS.app/ReCal iOS";
			};
			name = Release;
		};
		81D9F27419EF4D9600F987B9 /* Debug */ = {
			isa = XCBuildConfiguration;
			buildSettings = {
				CODE_SIGN_IDENTITY = "iPhone Developer";
				CURRENT_PROJECT_VERSION = 1;
				DEFINES_MODULE = YES;
				DYLIB_COMPATIBILITY_VERSION = 1;
				DYLIB_CURRENT_VERSION = 1;
				DYLIB_INSTALL_NAME_BASE = "@rpath";
				GCC_PREPROCESSOR_DEFINITIONS = (
					"DEBUG=1",
					"$(inherited)",
				);
				INFOPLIST_FILE = ReCalCommon/Info.plist;
				INSTALL_PATH = "$(LOCAL_LIBRARY_DIR)/Frameworks";
				LD_RUNPATH_SEARCH_PATHS = "$(inherited) @executable_path/Frameworks @loader_path/Frameworks";
				PRODUCT_NAME = "$(TARGET_NAME)";
				SKIP_INSTALL = YES;
				TARGETED_DEVICE_FAMILY = "1,2";
				VERSIONING_SYSTEM = "apple-generic";
				VERSION_INFO_PREFIX = "";
			};
			name = Debug;
		};
		81D9F27519EF4D9600F987B9 /* Release */ = {
			isa = XCBuildConfiguration;
			buildSettings = {
				CODE_SIGN_IDENTITY = "iPhone Developer";
				CURRENT_PROJECT_VERSION = 1;
				DEFINES_MODULE = YES;
				DYLIB_COMPATIBILITY_VERSION = 1;
				DYLIB_CURRENT_VERSION = 1;
				DYLIB_INSTALL_NAME_BASE = "@rpath";
				INFOPLIST_FILE = ReCalCommon/Info.plist;
				INSTALL_PATH = "$(LOCAL_LIBRARY_DIR)/Frameworks";
				LD_RUNPATH_SEARCH_PATHS = "$(inherited) @executable_path/Frameworks @loader_path/Frameworks";
				PRODUCT_NAME = "$(TARGET_NAME)";
				SKIP_INSTALL = YES;
				TARGETED_DEVICE_FAMILY = "1,2";
				VERSIONING_SYSTEM = "apple-generic";
				VERSION_INFO_PREFIX = "";
			};
			name = Release;
		};
		81D9F27719EF4D9600F987B9 /* Debug */ = {
			isa = XCBuildConfiguration;
			buildSettings = {
				FRAMEWORK_SEARCH_PATHS = (
					"$(SDKROOT)/Developer/Library/Frameworks",
					"$(inherited)",
				);
				GCC_PREPROCESSOR_DEFINITIONS = (
					"DEBUG=1",
					"$(inherited)",
				);
				INFOPLIST_FILE = ReCalCommonTests/Info.plist;
				LD_RUNPATH_SEARCH_PATHS = "$(inherited) @executable_path/Frameworks @loader_path/Frameworks";
				PRODUCT_NAME = "$(TARGET_NAME)";
				TEST_HOST = "$(BUILT_PRODUCTS_DIR)/ReCal iOS.app/ReCal iOS";
			};
			name = Debug;
		};
		81D9F27819EF4D9600F987B9 /* Release */ = {
			isa = XCBuildConfiguration;
			buildSettings = {
				FRAMEWORK_SEARCH_PATHS = (
					"$(SDKROOT)/Developer/Library/Frameworks",
					"$(inherited)",
				);
				INFOPLIST_FILE = ReCalCommonTests/Info.plist;
				LD_RUNPATH_SEARCH_PATHS = "$(inherited) @executable_path/Frameworks @loader_path/Frameworks";
				PRODUCT_NAME = "$(TARGET_NAME)";
				TEST_HOST = "$(BUILT_PRODUCTS_DIR)/ReCal iOS.app/ReCal iOS";
			};
			name = Release;
		};
		81FCD2A519F7E3E200B6DC2D /* Debug */ = {
			isa = XCBuildConfiguration;
			buildSettings = {
				ASSETCATALOG_COMPILER_APPICON_NAME = AppIcon;
				CODE_SIGN_IDENTITY = "iPhone Developer";
				EMBEDDED_CONTENT_CONTAINS_SWIFT = YES;
				GCC_PREPROCESSOR_DEFINITIONS = (
					"DEBUG=1",
					"$(inherited)",
				);
				INFOPLIST_FILE = "ReCal Course Selection/Info.plist";
				IPHONEOS_DEPLOYMENT_TARGET = 8.1;
				LD_RUNPATH_SEARCH_PATHS = "$(inherited) @executable_path/Frameworks";
				PRODUCT_NAME = "$(TARGET_NAME)";
				TARGETED_DEVICE_FAMILY = "1,2";
			};
			name = Debug;
		};
		81FCD2A619F7E3E200B6DC2D /* Release */ = {
			isa = XCBuildConfiguration;
			buildSettings = {
				ASSETCATALOG_COMPILER_APPICON_NAME = AppIcon;
				CODE_SIGN_IDENTITY = "iPhone Developer";
				EMBEDDED_CONTENT_CONTAINS_SWIFT = YES;
				INFOPLIST_FILE = "ReCal Course Selection/Info.plist";
				IPHONEOS_DEPLOYMENT_TARGET = 8.1;
				LD_RUNPATH_SEARCH_PATHS = "$(inherited) @executable_path/Frameworks";
				PRODUCT_NAME = "$(TARGET_NAME)";
				TARGETED_DEVICE_FAMILY = "1,2";
			};
			name = Release;
		};
		81FCD2A719F7E3E200B6DC2D /* Debug */ = {
			isa = XCBuildConfiguration;
			buildSettings = {
				BUNDLE_LOADER = "$(TEST_HOST)";
				FRAMEWORK_SEARCH_PATHS = (
					"$(SDKROOT)/Developer/Library/Frameworks",
					"$(inherited)",
				);
				GCC_PREPROCESSOR_DEFINITIONS = (
					"DEBUG=1",
					"$(inherited)",
				);
				INFOPLIST_FILE = "ReCal Course SelectionTests/Info.plist";
				IPHONEOS_DEPLOYMENT_TARGET = 8.1;
				LD_RUNPATH_SEARCH_PATHS = "$(inherited) @executable_path/Frameworks @loader_path/Frameworks";
				PRODUCT_NAME = "$(TARGET_NAME)";
				TEST_HOST = "$(BUILT_PRODUCTS_DIR)/ReCal Course Selection.app/ReCal Course Selection";
			};
			name = Debug;
		};
		81FCD2A819F7E3E200B6DC2D /* Release */ = {
			isa = XCBuildConfiguration;
			buildSettings = {
				BUNDLE_LOADER = "$(TEST_HOST)";
				FRAMEWORK_SEARCH_PATHS = (
					"$(SDKROOT)/Developer/Library/Frameworks",
					"$(inherited)",
				);
				INFOPLIST_FILE = "ReCal Course SelectionTests/Info.plist";
				IPHONEOS_DEPLOYMENT_TARGET = 8.1;
				LD_RUNPATH_SEARCH_PATHS = "$(inherited) @executable_path/Frameworks @loader_path/Frameworks";
				PRODUCT_NAME = "$(TARGET_NAME)";
				TEST_HOST = "$(BUILT_PRODUCTS_DIR)/ReCal Course Selection.app/ReCal Course Selection";
			};
			name = Release;
		};
/* End XCBuildConfiguration section */

/* Begin XCConfigurationList section */
		811D480D19ED7EB000E3F360 /* Build configuration list for PBXProject "ReCal iOS" */ = {
			isa = XCConfigurationList;
			buildConfigurations = (
				811D483219ED7EB100E3F360 /* Debug */,
				811D483319ED7EB100E3F360 /* Release */,
			);
			defaultConfigurationIsVisible = 0;
			defaultConfigurationName = Release;
		};
		811D483419ED7EB100E3F360 /* Build configuration list for PBXNativeTarget "ReCal iOS" */ = {
			isa = XCConfigurationList;
			buildConfigurations = (
				811D483519ED7EB100E3F360 /* Debug */,
				811D483619ED7EB100E3F360 /* Release */,
			);
			defaultConfigurationIsVisible = 0;
			defaultConfigurationName = Release;
		};
		811D483719ED7EB100E3F360 /* Build configuration list for PBXNativeTarget "ReCal iOSTests" */ = {
			isa = XCConfigurationList;
			buildConfigurations = (
				811D483819ED7EB100E3F360 /* Debug */,
				811D483919ED7EB100E3F360 /* Release */,
			);
			defaultConfigurationIsVisible = 0;
			defaultConfigurationName = Release;
		};
		81D9F27319EF4D9600F987B9 /* Build configuration list for PBXNativeTarget "ReCalCommon" */ = {
			isa = XCConfigurationList;
			buildConfigurations = (
				81D9F27419EF4D9600F987B9 /* Debug */,
				81D9F27519EF4D9600F987B9 /* Release */,
			);
			defaultConfigurationIsVisible = 0;
			defaultConfigurationName = Release;
		};
		81D9F27619EF4D9600F987B9 /* Build configuration list for PBXNativeTarget "ReCalCommonTests" */ = {
			isa = XCConfigurationList;
			buildConfigurations = (
				81D9F27719EF4D9600F987B9 /* Debug */,
				81D9F27819EF4D9600F987B9 /* Release */,
			);
			defaultConfigurationIsVisible = 0;
			defaultConfigurationName = Release;
		};
		81FCD2A919F7E3E200B6DC2D /* Build configuration list for PBXNativeTarget "ReCal Course Selection" */ = {
			isa = XCConfigurationList;
			buildConfigurations = (
				81FCD2A519F7E3E200B6DC2D /* Debug */,
				81FCD2A619F7E3E200B6DC2D /* Release */,
			);
			defaultConfigurationIsVisible = 0;
			defaultConfigurationName = Release;
		};
		81FCD2AA19F7E3E200B6DC2D /* Build configuration list for PBXNativeTarget "ReCal Course SelectionTests" */ = {
			isa = XCConfigurationList;
			buildConfigurations = (
				81FCD2A719F7E3E200B6DC2D /* Debug */,
				81FCD2A819F7E3E200B6DC2D /* Release */,
			);
			defaultConfigurationIsVisible = 0;
			defaultConfigurationName = Release;
		};
/* End XCConfigurationList section */

/* Begin XCVersionGroup section */
		811D481919ED7EB000E3F360 /* ReCal_iOS.xcdatamodeld */ = {
			isa = XCVersionGroup;
			children = (
				811D481A19ED7EB000E3F360 /* ReCal_iOS.xcdatamodel */,
			);
			currentVersion = 811D481A19ED7EB000E3F360 /* ReCal_iOS.xcdatamodel */;
			path = ReCal_iOS.xcdatamodeld;
			sourceTree = "<group>";
			versionGroupType = wrapper.xcdatamodel;
		};
		81FCD28D19F7E3E200B6DC2D /* ReCal_Course_Selection.xcdatamodeld */ = {
			isa = XCVersionGroup;
			children = (
			);
			path = ReCal_Course_Selection.xcdatamodeld;
			sourceTree = "<group>";
			versionGroupType = wrapper.xcdatamodel;
		};
/* End XCVersionGroup section */
	};
	rootObject = 811D480A19ED7EB000E3F360 /* Project object */;
}
